// !$*UTF8*$!
{
	archiveVersion = 1;
	classes = {
	};
	objectVersion = 48;
	objects = {

/* Begin PBXBuildFile section */
		01438F962071E7C500E6A829 /* NSString+Util.m in Sources */ = {isa = PBXBuildFile; fileRef = 01438F932071E7C500E6A829 /* NSString+Util.m */; };
		01A2B7DB207208E1003FFE0F /* TSBaseViewController.m in Sources */ = {isa = PBXBuildFile; fileRef = 01A2B7DA207208E1003FFE0F /* TSBaseViewController.m */; };
		01A2B7E12072185B003FFE0F /* TSMIssionViewController.m in Sources */ = {isa = PBXBuildFile; fileRef = 01A2B7E02072185B003FFE0F /* TSMIssionViewController.m */; };
		01A2B7E42072187C003FFE0F /* TSArchiveViewController.m in Sources */ = {isa = PBXBuildFile; fileRef = 01A2B7E32072187C003FFE0F /* TSArchiveViewController.m */; };
		01A2B7E72072188C003FFE0F /* TSEfficiencyViewController.m in Sources */ = {isa = PBXBuildFile; fileRef = 01A2B7E62072188C003FFE0F /* TSEfficiencyViewController.m */; };
		01A2B7EA20721899003FFE0F /* TSSettingViewController.m in Sources */ = {isa = PBXBuildFile; fileRef = 01A2B7E920721899003FFE0F /* TSSettingViewController.m */; };
		01F9663D206B6D8D006CA5B4 /* TimeSliceTests.m in Sources */ = {isa = PBXBuildFile; fileRef = 01F9663C206B6D8D006CA5B4 /* TimeSliceTests.m */; };
		01F96648206B6D8D006CA5B4 /* TimeSliceUITests.m in Sources */ = {isa = PBXBuildFile; fileRef = 01F96647206B6D8D006CA5B4 /* TimeSliceUITests.m */; };
		01F9665E206C8E11006CA5B4 /* Assets.xcassets in Resources */ = {isa = PBXBuildFile; fileRef = 01F96657206C8E11006CA5B4 /* Assets.xcassets */; };
		01F9665F206C8E11006CA5B4 /* LaunchScreen.storyboard in Resources */ = {isa = PBXBuildFile; fileRef = 01F96658206C8E11006CA5B4 /* LaunchScreen.storyboard */; };
		01F96660206C8E11006CA5B4 /* main.m in Sources */ = {isa = PBXBuildFile; fileRef = 01F9665A206C8E11006CA5B4 /* main.m */; };
		01F96661206C8E11006CA5B4 /* AppDelegate.m in Sources */ = {isa = PBXBuildFile; fileRef = 01F9665B206C8E11006CA5B4 /* AppDelegate.m */; };
		01F96662206C8E11006CA5B4 /* Info.plist in Resources */ = {isa = PBXBuildFile; fileRef = 01F9665D206C8E11006CA5B4 /* Info.plist */; };
		CE2E865363525DAEF3720E09 /* Pods_TimeSlice.framework in Frameworks */ = {isa = PBXBuildFile; fileRef = 0D585B3F5FD02C8A1750620E /* Pods_TimeSlice.framework */; };
/* End PBXBuildFile section */

/* Begin PBXContainerItemProxy section */
		01F96639206B6D8D006CA5B4 /* PBXContainerItemProxy */ = {
			isa = PBXContainerItemProxy;
			containerPortal = 01F96618206B6D8C006CA5B4 /* Project object */;
			proxyType = 1;
			remoteGlobalIDString = 01F9661F206B6D8C006CA5B4;
			remoteInfo = TimeSlice;
		};
		01F96644206B6D8D006CA5B4 /* PBXContainerItemProxy */ = {
			isa = PBXContainerItemProxy;
			containerPortal = 01F96618206B6D8C006CA5B4 /* Project object */;
			proxyType = 1;
			remoteGlobalIDString = 01F9661F206B6D8C006CA5B4;
			remoteInfo = TimeSlice;
		};
/* End PBXContainerItemProxy section */

/* Begin PBXFileReference section */
		01438F912071E7C500E6A829 /* UIMacro.h */ = {isa = PBXFileReference; fileEncoding = 4; lastKnownFileType = sourcecode.c.h; path = UIMacro.h; sourceTree = "<group>"; };
		01438F932071E7C500E6A829 /* NSString+Util.m */ = {isa = PBXFileReference; fileEncoding = 4; lastKnownFileType = sourcecode.c.objc; path = "NSString+Util.m"; sourceTree = "<group>"; };
		01438F942071E7C500E6A829 /* NSString+Util.h */ = {isa = PBXFileReference; fileEncoding = 4; lastKnownFileType = sourcecode.c.h; path = "NSString+Util.h"; sourceTree = "<group>"; };
		01A2B7D9207208E1003FFE0F /* TSBaseViewController.h */ = {isa = PBXFileReference; fileEncoding = 4; lastKnownFileType = sourcecode.c.h; path = TSBaseViewController.h; sourceTree = "<group>"; };
		01A2B7DA207208E1003FFE0F /* TSBaseViewController.m */ = {isa = PBXFileReference; fileEncoding = 4; lastKnownFileType = sourcecode.c.objc; path = TSBaseViewController.m; sourceTree = "<group>"; };
		01A2B7DE20721528003FFE0F /* TSPrefixHeader.pch */ = {isa = PBXFileReference; lastKnownFileType = sourcecode.c.h; path = TSPrefixHeader.pch; sourceTree = "<group>"; };
		01A2B7DF2072185B003FFE0F /* TSMIssionViewController.h */ = {isa = PBXFileReference; lastKnownFileType = sourcecode.c.h; path = TSMIssionViewController.h; sourceTree = "<group>"; };
		01A2B7E02072185B003FFE0F /* TSMIssionViewController.m */ = {isa = PBXFileReference; lastKnownFileType = sourcecode.c.objc; path = TSMIssionViewController.m; sourceTree = "<group>"; };
		01A2B7E22072187C003FFE0F /* TSArchiveViewController.h */ = {isa = PBXFileReference; lastKnownFileType = sourcecode.c.h; path = TSArchiveViewController.h; sourceTree = "<group>"; };
		01A2B7E32072187C003FFE0F /* TSArchiveViewController.m */ = {isa = PBXFileReference; lastKnownFileType = sourcecode.c.objc; path = TSArchiveViewController.m; sourceTree = "<group>"; };
		01A2B7E52072188C003FFE0F /* TSEfficiencyViewController.h */ = {isa = PBXFileReference; lastKnownFileType = sourcecode.c.h; path = TSEfficiencyViewController.h; sourceTree = "<group>"; };
		01A2B7E62072188C003FFE0F /* TSEfficiencyViewController.m */ = {isa = PBXFileReference; lastKnownFileType = sourcecode.c.objc; path = TSEfficiencyViewController.m; sourceTree = "<group>"; };
		01A2B7E820721899003FFE0F /* TSSettingViewController.h */ = {isa = PBXFileReference; lastKnownFileType = sourcecode.c.h; path = TSSettingViewController.h; sourceTree = "<group>"; };
		01A2B7E920721899003FFE0F /* TSSettingViewController.m */ = {isa = PBXFileReference; lastKnownFileType = sourcecode.c.objc; path = TSSettingViewController.m; sourceTree = "<group>"; };
		01F96620206B6D8C006CA5B4 /* TimeSlice.app */ = {isa = PBXFileReference; explicitFileType = wrapper.application; includeInIndex = 0; path = TimeSlice.app; sourceTree = BUILT_PRODUCTS_DIR; };
		01F96638206B6D8D006CA5B4 /* TimeSliceTests.xctest */ = {isa = PBXFileReference; explicitFileType = wrapper.cfbundle; includeInIndex = 0; path = TimeSliceTests.xctest; sourceTree = BUILT_PRODUCTS_DIR; };
		01F9663C206B6D8D006CA5B4 /* TimeSliceTests.m */ = {isa = PBXFileReference; lastKnownFileType = sourcecode.c.objc; path = TimeSliceTests.m; sourceTree = "<group>"; };
		01F9663E206B6D8D006CA5B4 /* Info.plist */ = {isa = PBXFileReference; lastKnownFileType = text.plist.xml; path = Info.plist; sourceTree = "<group>"; };
		01F96643206B6D8D006CA5B4 /* TimeSliceUITests.xctest */ = {isa = PBXFileReference; explicitFileType = wrapper.cfbundle; includeInIndex = 0; path = TimeSliceUITests.xctest; sourceTree = BUILT_PRODUCTS_DIR; };
		01F96647206B6D8D006CA5B4 /* TimeSliceUITests.m */ = {isa = PBXFileReference; lastKnownFileType = sourcecode.c.objc; path = TimeSliceUITests.m; sourceTree = "<group>"; };
		01F96649206B6D8D006CA5B4 /* Info.plist */ = {isa = PBXFileReference; lastKnownFileType = text.plist.xml; path = Info.plist; sourceTree = "<group>"; };
		01F96656206C8E11006CA5B4 /* AppDelegate.h */ = {isa = PBXFileReference; fileEncoding = 4; lastKnownFileType = sourcecode.c.h; path = AppDelegate.h; sourceTree = "<group>"; };
		01F96657206C8E11006CA5B4 /* Assets.xcassets */ = {isa = PBXFileReference; lastKnownFileType = folder.assetcatalog; path = Assets.xcassets; sourceTree = "<group>"; };
		01F96659206C8E11006CA5B4 /* Base */ = {isa = PBXFileReference; lastKnownFileType = file.storyboard; name = Base; path = Base.lproj/LaunchScreen.storyboard; sourceTree = "<group>"; };
		01F9665A206C8E11006CA5B4 /* main.m */ = {isa = PBXFileReference; fileEncoding = 4; lastKnownFileType = sourcecode.c.objc; path = main.m; sourceTree = "<group>"; };
		01F9665B206C8E11006CA5B4 /* AppDelegate.m */ = {isa = PBXFileReference; fileEncoding = 4; lastKnownFileType = sourcecode.c.objc; path = AppDelegate.m; sourceTree = "<group>"; };
		01F9665D206C8E11006CA5B4 /* Info.plist */ = {isa = PBXFileReference; fileEncoding = 4; lastKnownFileType = text.plist.xml; path = Info.plist; sourceTree = "<group>"; };
		0D585B3F5FD02C8A1750620E /* Pods_TimeSlice.framework */ = {isa = PBXFileReference; explicitFileType = wrapper.framework; includeInIndex = 0; path = Pods_TimeSlice.framework; sourceTree = BUILT_PRODUCTS_DIR; };
		699155AEE41C640E3427816C /* Pods-TimeSlice.debug.xcconfig */ = {isa = PBXFileReference; includeInIndex = 1; lastKnownFileType = text.xcconfig; name = "Pods-TimeSlice.debug.xcconfig"; path = "Pods/Target Support Files/Pods-TimeSlice/Pods-TimeSlice.debug.xcconfig"; sourceTree = "<group>"; };
		C27C7057BB147BBF1589D7B0 /* Pods-TimeSlice.release.xcconfig */ = {isa = PBXFileReference; includeInIndex = 1; lastKnownFileType = text.xcconfig; name = "Pods-TimeSlice.release.xcconfig"; path = "Pods/Target Support Files/Pods-TimeSlice/Pods-TimeSlice.release.xcconfig"; sourceTree = "<group>"; };
/* End PBXFileReference section */

/* Begin PBXFrameworksBuildPhase section */
		01F9661D206B6D8C006CA5B4 /* Frameworks */ = {
			isa = PBXFrameworksBuildPhase;
			buildActionMask = 2147483647;
			files = (
				CE2E865363525DAEF3720E09 /* Pods_TimeSlice.framework in Frameworks */,
			);
			runOnlyForDeploymentPostprocessing = 0;
		};
		01F96635206B6D8D006CA5B4 /* Frameworks */ = {
			isa = PBXFrameworksBuildPhase;
			buildActionMask = 2147483647;
			files = (
			);
			runOnlyForDeploymentPostprocessing = 0;
		};
		01F96640206B6D8D006CA5B4 /* Frameworks */ = {
			isa = PBXFrameworksBuildPhase;
			buildActionMask = 2147483647;
			files = (
			);
			runOnlyForDeploymentPostprocessing = 0;
		};
/* End PBXFrameworksBuildPhase section */

/* Begin PBXGroup section */
		01438F8F2071E7C500E6A829 /* Utils */ = {
			isa = PBXGroup;
			children = (
				01438F902071E7C500E6A829 /* Macro */,
				01438F922071E7C500E6A829 /* Categories */,
				01438F952071E7C500E6A829 /* Helpers */,
			);
			path = Utils;
			sourceTree = "<group>";
		};
		01438F902071E7C500E6A829 /* Macro */ = {
			isa = PBXGroup;
			children = (
				01438F912071E7C500E6A829 /* UIMacro.h */,
			);
			path = Macro;
			sourceTree = "<group>";
		};
		01438F922071E7C500E6A829 /* Categories */ = {
			isa = PBXGroup;
			children = (
				01438F942071E7C500E6A829 /* NSString+Util.h */,
				01438F932071E7C500E6A829 /* NSString+Util.m */,
			);
			path = Categories;
			sourceTree = "<group>";
		};
		01438F952071E7C500E6A829 /* Helpers */ = {
			isa = PBXGroup;
			children = (
			);
			path = Helpers;
			sourceTree = "<group>";
		};
		01438F972071E86100E6A829 /* Provider */ = {
			isa = PBXGroup;
			children = (
				01A2B7D420720723003FFE0F /* Network */,
				01A2B7D320720723003FFE0F /* DataBase */,
			);
			path = Provider;
			sourceTree = "<group>";
		};
		01438F982071E86100E6A829 /* Classes */ = {
			isa = PBXGroup;
			children = (
				01A2B7CE20720569003FFE0F /* Controllers */,
				01A2B7CC20720568003FFE0F /* Views */,
			);
			path = Classes;
			sourceTree = "<group>";
		};
		01A2B7CC20720568003FFE0F /* Views */ = {
			isa = PBXGroup;
			children = (
			);
			path = Views;
			sourceTree = "<group>";
		};
		01A2B7CE20720569003FFE0F /* Controllers */ = {
			isa = PBXGroup;
			children = (
				01A2B7D8207208E1003FFE0F /* Base */,
				01A2B7DC20720927003FFE0F /* Tabbar */,
				01A2B7D120720569003FFE0F /* Mission */,
				01A2B7D020720569003FFE0F /* Archive */,
				01A2B7CF20720569003FFE0F /* Efficiency */,
				01A2B7D220720569003FFE0F /* Setting */,
			);
			path = Controllers;
			sourceTree = "<group>";
		};
		01A2B7CF20720569003FFE0F /* Efficiency */ = {
			isa = PBXGroup;
			children = (
				01A2B7E52072188C003FFE0F /* TSEfficiencyViewController.h */,
				01A2B7E62072188C003FFE0F /* TSEfficiencyViewController.m */,
			);
			path = Efficiency;
			sourceTree = "<group>";
		};
		01A2B7D020720569003FFE0F /* Archive */ = {
			isa = PBXGroup;
			children = (
				01A2B7E22072187C003FFE0F /* TSArchiveViewController.h */,
				01A2B7E32072187C003FFE0F /* TSArchiveViewController.m */,
			);
			path = Archive;
			sourceTree = "<group>";
		};
		01A2B7D120720569003FFE0F /* Mission */ = {
			isa = PBXGroup;
			children = (
				01A2B7DF2072185B003FFE0F /* TSMIssionViewController.h */,
				01A2B7E02072185B003FFE0F /* TSMIssionViewController.m */,
			);
			path = Mission;
			sourceTree = "<group>";
		};
		01A2B7D220720569003FFE0F /* Setting */ = {
			isa = PBXGroup;
			children = (
				01A2B7E820721899003FFE0F /* TSSettingViewController.h */,
				01A2B7E920721899003FFE0F /* TSSettingViewController.m */,
			);
			path = Setting;
			sourceTree = "<group>";
		};
		01A2B7D320720723003FFE0F /* DataBase */ = {
			isa = PBXGroup;
			children = (
			);
			path = DataBase;
			sourceTree = "<group>";
		};
		01A2B7D420720723003FFE0F /* Network */ = {
			isa = PBXGroup;
			children = (
			);
			path = Network;
			sourceTree = "<group>";
		};
		01A2B7D8207208E1003FFE0F /* Base */ = {
			isa = PBXGroup;
			children = (
				01A2B7D9207208E1003FFE0F /* TSBaseViewController.h */,
				01A2B7DA207208E1003FFE0F /* TSBaseViewController.m */,
			);
			path = Base;
			sourceTree = "<group>";
		};
		01A2B7DC20720927003FFE0F /* Tabbar */ = {
			isa = PBXGroup;
			children = (
			);
			path = Tabbar;
			sourceTree = "<group>";
		};
		01F96617206B6D8C006CA5B4 = {
			isa = PBXGroup;
			children = (
				01F96622206B6D8D006CA5B4 /* TimeSlice */,
				01F9663B206B6D8D006CA5B4 /* TimeSliceTests */,
				01F96646206B6D8D006CA5B4 /* TimeSliceUITests */,
				01F96621206B6D8C006CA5B4 /* Products */,
				5BF240F33219DD201CF67453 /* Pods */,
				F5B8D7EEB1B99F077BF68C05 /* Frameworks */,
			);
			sourceTree = "<group>";
		};
		01F96621206B6D8C006CA5B4 /* Products */ = {
			isa = PBXGroup;
			children = (
				01F96620206B6D8C006CA5B4 /* TimeSlice.app */,
				01F96638206B6D8D006CA5B4 /* TimeSliceTests.xctest */,
				01F96643206B6D8D006CA5B4 /* TimeSliceUITests.xctest */,
			);
			name = Products;
			sourceTree = "<group>";
		};
		01F96622206B6D8D006CA5B4 /* TimeSlice */ = {
			isa = PBXGroup;
			children = (
				01438F982071E86100E6A829 /* Classes */,
				01438F972071E86100E6A829 /* Provider */,
				01438F8F2071E7C500E6A829 /* Utils */,
				01F96655206C8E11006CA5B4 /* SupportingFiles */,
			);
			path = TimeSlice;
			sourceTree = "<group>";
		};
		01F9663B206B6D8D006CA5B4 /* TimeSliceTests */ = {
			isa = PBXGroup;
			children = (
				01F9663C206B6D8D006CA5B4 /* TimeSliceTests.m */,
				01F9663E206B6D8D006CA5B4 /* Info.plist */,
			);
			path = TimeSliceTests;
			sourceTree = "<group>";
		};
		01F96646206B6D8D006CA5B4 /* TimeSliceUITests */ = {
			isa = PBXGroup;
			children = (
				01F96647206B6D8D006CA5B4 /* TimeSliceUITests.m */,
				01F96649206B6D8D006CA5B4 /* Info.plist */,
			);
			path = TimeSliceUITests;
			sourceTree = "<group>";
		};
		01F96655206C8E11006CA5B4 /* SupportingFiles */ = {
			isa = PBXGroup;
			children = (
				01F9665C206C8E11006CA5B4 /* Resource */,
				01F96656206C8E11006CA5B4 /* AppDelegate.h */,
				01F9665B206C8E11006CA5B4 /* AppDelegate.m */,
				01A2B7DE20721528003FFE0F /* TSPrefixHeader.pch */,
				01F96657206C8E11006CA5B4 /* Assets.xcassets */,
				01F96658206C8E11006CA5B4 /* LaunchScreen.storyboard */,
				01F9665A206C8E11006CA5B4 /* main.m */,
				01F9665D206C8E11006CA5B4 /* Info.plist */,
			);
			path = SupportingFiles;
			sourceTree = "<group>";
		};
		01F9665C206C8E11006CA5B4 /* Resource */ = {
			isa = PBXGroup;
			children = (
			);
			path = Resource;
			sourceTree = "<group>";
		};
		5BF240F33219DD201CF67453 /* Pods */ = {
			isa = PBXGroup;
			children = (
				699155AEE41C640E3427816C /* Pods-TimeSlice.debug.xcconfig */,
				C27C7057BB147BBF1589D7B0 /* Pods-TimeSlice.release.xcconfig */,
			);
			name = Pods;
			sourceTree = "<group>";
		};
		F5B8D7EEB1B99F077BF68C05 /* Frameworks */ = {
			isa = PBXGroup;
			children = (
				0D585B3F5FD02C8A1750620E /* Pods_TimeSlice.framework */,
			);
			name = Frameworks;
			sourceTree = "<group>";
		};
/* End PBXGroup section */

/* Begin PBXNativeTarget section */
		01F9661F206B6D8C006CA5B4 /* TimeSlice */ = {
			isa = PBXNativeTarget;
			buildConfigurationList = 01F9664C206B6D8D006CA5B4 /* Build configuration list for PBXNativeTarget "TimeSlice" */;
			buildPhases = (
				2D9BFE32EC3E4C52CC8E10A6 /* [CP] Check Pods Manifest.lock */,
				01F9661C206B6D8C006CA5B4 /* Sources */,
				01F9661D206B6D8C006CA5B4 /* Frameworks */,
				01F9661E206B6D8C006CA5B4 /* Resources */,
				8D4BCB1172BD50D51160DDA7 /* [CP] Embed Pods Frameworks */,
				E89B4D29CD4BDE4C00A37881 /* [CP] Copy Pods Resources */,
			);
			buildRules = (
			);
			dependencies = (
			);
			name = TimeSlice;
			productName = TimeSlice;
			productReference = 01F96620206B6D8C006CA5B4 /* TimeSlice.app */;
			productType = "com.apple.product-type.application";
		};
		01F96637206B6D8D006CA5B4 /* TimeSliceTests */ = {
			isa = PBXNativeTarget;
			buildConfigurationList = 01F9664F206B6D8D006CA5B4 /* Build configuration list for PBXNativeTarget "TimeSliceTests" */;
			buildPhases = (
				01F96634206B6D8D006CA5B4 /* Sources */,
				01F96635206B6D8D006CA5B4 /* Frameworks */,
				01F96636206B6D8D006CA5B4 /* Resources */,
			);
			buildRules = (
			);
			dependencies = (
				01F9663A206B6D8D006CA5B4 /* PBXTargetDependency */,
			);
			name = TimeSliceTests;
			productName = TimeSliceTests;
			productReference = 01F96638206B6D8D006CA5B4 /* TimeSliceTests.xctest */;
			productType = "com.apple.product-type.bundle.unit-test";
		};
		01F96642206B6D8D006CA5B4 /* TimeSliceUITests */ = {
			isa = PBXNativeTarget;
			buildConfigurationList = 01F96652206B6D8D006CA5B4 /* Build configuration list for PBXNativeTarget "TimeSliceUITests" */;
			buildPhases = (
				01F9663F206B6D8D006CA5B4 /* Sources */,
				01F96640206B6D8D006CA5B4 /* Frameworks */,
				01F96641206B6D8D006CA5B4 /* Resources */,
			);
			buildRules = (
			);
			dependencies = (
				01F96645206B6D8D006CA5B4 /* PBXTargetDependency */,
			);
			name = TimeSliceUITests;
			productName = TimeSliceUITests;
			productReference = 01F96643206B6D8D006CA5B4 /* TimeSliceUITests.xctest */;
			productType = "com.apple.product-type.bundle.ui-testing";
		};
/* End PBXNativeTarget section */

/* Begin PBXProject section */
		01F96618206B6D8C006CA5B4 /* Project object */ = {
			isa = PBXProject;
			attributes = {
				LastUpgradeCheck = 0920;
				ORGANIZATIONNAME = TimeSlice;
				TargetAttributes = {
					01F9661F206B6D8C006CA5B4 = {
						CreatedOnToolsVersion = 9.2;
						ProvisioningStyle = Manual;
					};
					01F96637206B6D8D006CA5B4 = {
						CreatedOnToolsVersion = 9.2;
						ProvisioningStyle = Automatic;
						TestTargetID = 01F9661F206B6D8C006CA5B4;
					};
					01F96642206B6D8D006CA5B4 = {
						CreatedOnToolsVersion = 9.2;
						ProvisioningStyle = Automatic;
						TestTargetID = 01F9661F206B6D8C006CA5B4;
					};
				};
			};
			buildConfigurationList = 01F9661B206B6D8C006CA5B4 /* Build configuration list for PBXProject "TimeSlice" */;
			compatibilityVersion = "Xcode 8.0";
			developmentRegion = en;
			hasScannedForEncodings = 0;
			knownRegions = (
				en,
				Base,
			);
			mainGroup = 01F96617206B6D8C006CA5B4;
			productRefGroup = 01F96621206B6D8C006CA5B4 /* Products */;
			projectDirPath = "";
			projectRoot = "";
			targets = (
				01F9661F206B6D8C006CA5B4 /* TimeSlice */,
				01F96637206B6D8D006CA5B4 /* TimeSliceTests */,
				01F96642206B6D8D006CA5B4 /* TimeSliceUITests */,
			);
		};
/* End PBXProject section */

/* Begin PBXResourcesBuildPhase section */
		01F9661E206B6D8C006CA5B4 /* Resources */ = {
			isa = PBXResourcesBuildPhase;
			buildActionMask = 2147483647;
			files = (
				01F9665E206C8E11006CA5B4 /* Assets.xcassets in Resources */,
				01F9665F206C8E11006CA5B4 /* LaunchScreen.storyboard in Resources */,
				01F96662206C8E11006CA5B4 /* Info.plist in Resources */,
			);
			runOnlyForDeploymentPostprocessing = 0;
		};
		01F96636206B6D8D006CA5B4 /* Resources */ = {
			isa = PBXResourcesBuildPhase;
			buildActionMask = 2147483647;
			files = (
			);
			runOnlyForDeploymentPostprocessing = 0;
		};
		01F96641206B6D8D006CA5B4 /* Resources */ = {
			isa = PBXResourcesBuildPhase;
			buildActionMask = 2147483647;
			files = (
			);
			runOnlyForDeploymentPostprocessing = 0;
		};
/* End PBXResourcesBuildPhase section */

/* Begin PBXShellScriptBuildPhase section */
		2D9BFE32EC3E4C52CC8E10A6 /* [CP] Check Pods Manifest.lock */ = {
			isa = PBXShellScriptBuildPhase;
			buildActionMask = 2147483647;
			files = (
			);
			inputPaths = (
				"${PODS_PODFILE_DIR_PATH}/Podfile.lock",
				"${PODS_ROOT}/Manifest.lock",
			);
			name = "[CP] Check Pods Manifest.lock";
			outputPaths = (
				"$(DERIVED_FILE_DIR)/Pods-TimeSlice-checkManifestLockResult.txt",
			);
			runOnlyForDeploymentPostprocessing = 0;
			shellPath = /bin/sh;
			shellScript = "diff \"${PODS_PODFILE_DIR_PATH}/Podfile.lock\" \"${PODS_ROOT}/Manifest.lock\" > /dev/null\nif [ $? != 0 ] ; then\n    # print error to STDERR\n    echo \"error: The sandbox is not in sync with the Podfile.lock. Run 'pod install' or update your CocoaPods installation.\" >&2\n    exit 1\nfi\n# This output is used by Xcode 'outputs' to avoid re-running this script phase.\necho \"SUCCESS\" > \"${SCRIPT_OUTPUT_FILE_0}\"\n";
			showEnvVarsInLog = 0;
		};
		8D4BCB1172BD50D51160DDA7 /* [CP] Embed Pods Frameworks */ = {
			isa = PBXShellScriptBuildPhase;
			buildActionMask = 2147483647;
			files = (
			);
			inputPaths = (
				"${SRCROOT}/Pods/Target Support Files/Pods-TimeSlice/Pods-TimeSlice-frameworks.sh",
				"${BUILT_PRODUCTS_DIR}/Masonry/Masonry.framework",
				"${BUILT_PRODUCTS_DIR}/Realm/Realm.framework",
			);
			name = "[CP] Embed Pods Frameworks";
			outputPaths = (
				"${TARGET_BUILD_DIR}/${FRAMEWORKS_FOLDER_PATH}/Masonry.framework",
				"${TARGET_BUILD_DIR}/${FRAMEWORKS_FOLDER_PATH}/Realm.framework",
			);
			runOnlyForDeploymentPostprocessing = 0;
			shellPath = /bin/sh;
			shellScript = "\"${SRCROOT}/Pods/Target Support Files/Pods-TimeSlice/Pods-TimeSlice-frameworks.sh\"\n";
			showEnvVarsInLog = 0;
		};
		E89B4D29CD4BDE4C00A37881 /* [CP] Copy Pods Resources */ = {
			isa = PBXShellScriptBuildPhase;
			buildActionMask = 2147483647;
			files = (
			);
			inputPaths = (
			);
			name = "[CP] Copy Pods Resources";
			outputPaths = (
			);
			runOnlyForDeploymentPostprocessing = 0;
			shellPath = /bin/sh;
			shellScript = "\"${SRCROOT}/Pods/Target Support Files/Pods-TimeSlice/Pods-TimeSlice-resources.sh\"\n";
			showEnvVarsInLog = 0;
		};
/* End PBXShellScriptBuildPhase section */

/* Begin PBXSourcesBuildPhase section */
		01F9661C206B6D8C006CA5B4 /* Sources */ = {
			isa = PBXSourcesBuildPhase;
			buildActionMask = 2147483647;
			files = (
				01A2B7EA20721899003FFE0F /* TSSettingViewController.m in Sources */,
				01A2B7E42072187C003FFE0F /* TSArchiveViewController.m in Sources */,
				01A2B7E72072188C003FFE0F /* TSEfficiencyViewController.m in Sources */,
				01F96661206C8E11006CA5B4 /* AppDelegate.m in Sources */,
				01438F962071E7C500E6A829 /* NSString+Util.m in Sources */,
				01A2B7E12072185B003FFE0F /* TSMIssionViewController.m in Sources */,
				01A2B7DB207208E1003FFE0F /* TSBaseViewController.m in Sources */,
				01F96660206C8E11006CA5B4 /* main.m in Sources */,
			);
			runOnlyForDeploymentPostprocessing = 0;
		};
		01F96634206B6D8D006CA5B4 /* Sources */ = {
			isa = PBXSourcesBuildPhase;
			buildActionMask = 2147483647;
			files = (
				01F9663D206B6D8D006CA5B4 /* TimeSliceTests.m in Sources */,
			);
			runOnlyForDeploymentPostprocessing = 0;
		};
		01F9663F206B6D8D006CA5B4 /* Sources */ = {
			isa = PBXSourcesBuildPhase;
			buildActionMask = 2147483647;
			files = (
				01F96648206B6D8D006CA5B4 /* TimeSliceUITests.m in Sources */,
			);
			runOnlyForDeploymentPostprocessing = 0;
		};
/* End PBXSourcesBuildPhase section */

/* Begin PBXTargetDependency section */
		01F9663A206B6D8D006CA5B4 /* PBXTargetDependency */ = {
			isa = PBXTargetDependency;
			target = 01F9661F206B6D8C006CA5B4 /* TimeSlice */;
			targetProxy = 01F96639206B6D8D006CA5B4 /* PBXContainerItemProxy */;
		};
		01F96645206B6D8D006CA5B4 /* PBXTargetDependency */ = {
			isa = PBXTargetDependency;
			target = 01F9661F206B6D8C006CA5B4 /* TimeSlice */;
			targetProxy = 01F96644206B6D8D006CA5B4 /* PBXContainerItemProxy */;
		};
/* End PBXTargetDependency section */

/* Begin PBXVariantGroup section */
		01F96658206C8E11006CA5B4 /* LaunchScreen.storyboard */ = {
			isa = PBXVariantGroup;
			children = (
				01F96659206C8E11006CA5B4 /* Base */,
			);
			name = LaunchScreen.storyboard;
			sourceTree = "<group>";
		};
/* End PBXVariantGroup section */

/* Begin XCBuildConfiguration section */
		01F9664A206B6D8D006CA5B4 /* Debug */ = {
			isa = XCBuildConfiguration;
			buildSettings = {
				ALWAYS_SEARCH_USER_PATHS = NO;
				CLANG_ANALYZER_NONNULL = YES;
				CLANG_ANALYZER_NUMBER_OBJECT_CONVERSION = YES_AGGRESSIVE;
				CLANG_CXX_LANGUAGE_STANDARD = "gnu++14";
				CLANG_CXX_LIBRARY = "libc++";
				CLANG_ENABLE_MODULES = YES;
				CLANG_ENABLE_OBJC_ARC = YES;
				CLANG_WARN_BLOCK_CAPTURE_AUTORELEASING = YES;
				CLANG_WARN_BOOL_CONVERSION = YES;
				CLANG_WARN_COMMA = YES;
				CLANG_WARN_CONSTANT_CONVERSION = YES;
				CLANG_WARN_DIRECT_OBJC_ISA_USAGE = YES_ERROR;
				CLANG_WARN_DOCUMENTATION_COMMENTS = YES;
				CLANG_WARN_EMPTY_BODY = YES;
				CLANG_WARN_ENUM_CONVERSION = YES;
				CLANG_WARN_INFINITE_RECURSION = YES;
				CLANG_WARN_INT_CONVERSION = YES;
				CLANG_WARN_NON_LITERAL_NULL_CONVERSION = YES;
				CLANG_WARN_OBJC_LITERAL_CONVERSION = YES;
				CLANG_WARN_OBJC_ROOT_CLASS = YES_ERROR;
				CLANG_WARN_RANGE_LOOP_ANALYSIS = YES;
				CLANG_WARN_STRICT_PROTOTYPES = YES;
				CLANG_WARN_SUSPICIOUS_MOVE = YES;
				CLANG_WARN_UNGUARDED_AVAILABILITY = YES_AGGRESSIVE;
				CLANG_WARN_UNREACHABLE_CODE = YES;
				CLANG_WARN__DUPLICATE_METHOD_MATCH = YES;
				CODE_SIGN_IDENTITY = "iPhone Developer";
				COPY_PHASE_STRIP = NO;
				DEBUG_INFORMATION_FORMAT = dwarf;
				ENABLE_STRICT_OBJC_MSGSEND = YES;
				ENABLE_TESTABILITY = YES;
				GCC_C_LANGUAGE_STANDARD = gnu11;
				GCC_DYNAMIC_NO_PIC = NO;
				GCC_NO_COMMON_BLOCKS = YES;
				GCC_OPTIMIZATION_LEVEL = 0;
				GCC_PREPROCESSOR_DEFINITIONS = (
					"DEBUG=1",
					"$(inherited)",
				);
				GCC_WARN_64_TO_32_BIT_CONVERSION = YES;
				GCC_WARN_ABOUT_RETURN_TYPE = YES_ERROR;
				GCC_WARN_UNDECLARED_SELECTOR = YES;
				GCC_WARN_UNINITIALIZED_AUTOS = YES_AGGRESSIVE;
				GCC_WARN_UNUSED_FUNCTION = YES;
				GCC_WARN_UNUSED_VARIABLE = YES;
				IPHONEOS_DEPLOYMENT_TARGET = 11.2;
				MTL_ENABLE_DEBUG_INFO = YES;
				ONLY_ACTIVE_ARCH = YES;
				SDKROOT = iphoneos;
			};
			name = Debug;
		};
		01F9664B206B6D8D006CA5B4 /* Release */ = {
			isa = XCBuildConfiguration;
			buildSettings = {
				ALWAYS_SEARCH_USER_PATHS = NO;
				CLANG_ANALYZER_NONNULL = YES;
				CLANG_ANALYZER_NUMBER_OBJECT_CONVERSION = YES_AGGRESSIVE;
				CLANG_CXX_LANGUAGE_STANDARD = "gnu++14";
				CLANG_CXX_LIBRARY = "libc++";
				CLANG_ENABLE_MODULES = YES;
				CLANG_ENABLE_OBJC_ARC = YES;
				CLANG_WARN_BLOCK_CAPTURE_AUTORELEASING = YES;
				CLANG_WARN_BOOL_CONVERSION = YES;
				CLANG_WARN_COMMA = YES;
				CLANG_WARN_CONSTANT_CONVERSION = YES;
				CLANG_WARN_DIRECT_OBJC_ISA_USAGE = YES_ERROR;
				CLANG_WARN_DOCUMENTATION_COMMENTS = YES;
				CLANG_WARN_EMPTY_BODY = YES;
				CLANG_WARN_ENUM_CONVERSION = YES;
				CLANG_WARN_INFINITE_RECURSION = YES;
				CLANG_WARN_INT_CONVERSION = YES;
				CLANG_WARN_NON_LITERAL_NULL_CONVERSION = YES;
				CLANG_WARN_OBJC_LITERAL_CONVERSION = YES;
				CLANG_WARN_OBJC_ROOT_CLASS = YES_ERROR;
				CLANG_WARN_RANGE_LOOP_ANALYSIS = YES;
				CLANG_WARN_STRICT_PROTOTYPES = YES;
				CLANG_WARN_SUSPICIOUS_MOVE = YES;
				CLANG_WARN_UNGUARDED_AVAILABILITY = YES_AGGRESSIVE;
				CLANG_WARN_UNREACHABLE_CODE = YES;
				CLANG_WARN__DUPLICATE_METHOD_MATCH = YES;
				CODE_SIGN_IDENTITY = "iPhone Developer";
				COPY_PHASE_STRIP = NO;
				DEBUG_INFORMATION_FORMAT = "dwarf-with-dsym";
				ENABLE_NS_ASSERTIONS = NO;
				ENABLE_STRICT_OBJC_MSGSEND = YES;
				GCC_C_LANGUAGE_STANDARD = gnu11;
				GCC_NO_COMMON_BLOCKS = YES;
				GCC_WARN_64_TO_32_BIT_CONVERSION = YES;
				GCC_WARN_ABOUT_RETURN_TYPE = YES_ERROR;
				GCC_WARN_UNDECLARED_SELECTOR = YES;
				GCC_WARN_UNINITIALIZED_AUTOS = YES_AGGRESSIVE;
				GCC_WARN_UNUSED_FUNCTION = YES;
				GCC_WARN_UNUSED_VARIABLE = YES;
				IPHONEOS_DEPLOYMENT_TARGET = 11.2;
				MTL_ENABLE_DEBUG_INFO = NO;
				SDKROOT = iphoneos;
				VALIDATE_PRODUCT = YES;
			};
			name = Release;
		};
		01F9664D206B6D8D006CA5B4 /* Debug */ = {
			isa = XCBuildConfiguration;
			baseConfigurationReference = 699155AEE41C640E3427816C /* Pods-TimeSlice.debug.xcconfig */;
			buildSettings = {
				ASSETCATALOG_COMPILER_APPICON_NAME = AppIcon;
				CODE_SIGN_STYLE = Manual;
				DEVELOPMENT_TEAM = "";
				GCC_PREFIX_HEADER = TimeSlice/SupportingFiles/TSPrefixHeader.pch;
				INFOPLIST_FILE = TimeSlice/SupportingFiles/Info.plist;
				LD_RUNPATH_SEARCH_PATHS = "$(inherited) @executable_path/Frameworks";
				PRODUCT_BUNDLE_IDENTIFIER = com.TimeSlice.TimeSlice;
				PRODUCT_NAME = "$(TARGET_NAME)";
				PROVISIONING_PROFILE_SPECIFIER = "";
				TARGETED_DEVICE_FAMILY = "1,2";
			};
			name = Debug;
		};
		01F9664E206B6D8D006CA5B4 /* Release */ = {
			isa = XCBuildConfiguration;
			baseConfigurationReference = C27C7057BB147BBF1589D7B0 /* Pods-TimeSlice.release.xcconfig */;
			buildSettings = {
				ASSETCATALOG_COMPILER_APPICON_NAME = AppIcon;
				CODE_SIGN_STYLE = Manual;
				DEVELOPMENT_TEAM = "";
				GCC_PREFIX_HEADER = TimeSlice/SupportingFiles/TSPrefixHeader.pch;
				INFOPLIST_FILE = TimeSlice/SupportingFiles/Info.plist;
				LD_RUNPATH_SEARCH_PATHS = "$(inherited) @executable_path/Frameworks";
				PRODUCT_BUNDLE_IDENTIFIER = com.TimeSlice.TimeSlice;
				PRODUCT_NAME = "$(TARGET_NAME)";
				PROVISIONING_PROFILE_SPECIFIER = "";
				TARGETED_DEVICE_FAMILY = "1,2";
			};
			name = Release;
		};
		01F96650206B6D8D006CA5B4 /* Debug */ = {
			isa = XCBuildConfiguration;
			buildSettings = {
				BUNDLE_LOADER = "$(TEST_HOST)";
				CODE_SIGN_STYLE = Automatic;
				DEVELOPMENT_TEAM = 435QF86886;
				INFOPLIST_FILE = TimeSliceTests/Info.plist;
				LD_RUNPATH_SEARCH_PATHS = "$(inherited) @executable_path/Frameworks @loader_path/Frameworks";
				PRODUCT_BUNDLE_IDENTIFIER = com.TimeSlice.TimeSliceTests;
				PRODUCT_NAME = "$(TARGET_NAME)";
				TARGETED_DEVICE_FAMILY = "1,2";
				TEST_HOST = "$(BUILT_PRODUCTS_DIR)/TimeSlice.app/TimeSlice";
			};
			name = Debug;
		};
		01F96651206B6D8D006CA5B4 /* Release */ = {
			isa = XCBuildConfiguration;
			buildSettings = {
				BUNDLE_LOADER = "$(TEST_HOST)";
				CODE_SIGN_STYLE = Automatic;
				DEVELOPMENT_TEAM = 435QF86886;
				INFOPLIST_FILE = TimeSliceTests/Info.plist;
				LD_RUNPATH_SEARCH_PATHS = "$(inherited) @executable_path/Frameworks @loader_path/Frameworks";
				PRODUCT_BUNDLE_IDENTIFIER = com.TimeSlice.TimeSliceTests;
				PRODUCT_NAME = "$(TARGET_NAME)";
				TARGETED_DEVICE_FAMILY = "1,2";
				TEST_HOST = "$(BUILT_PRODUCTS_DIR)/TimeSlice.app/TimeSlice";
			};
			name = Release;
		};
		01F96653206B6D8D006CA5B4 /* Debug */ = {
			isa = XCBuildConfiguration;
			buildSettings = {
				CODE_SIGN_STYLE = Automatic;
				DEVELOPMENT_TEAM = 435QF86886;
				INFOPLIST_FILE = TimeSliceUITests/Info.plist;
				LD_RUNPATH_SEARCH_PATHS = "$(inherited) @executable_path/Frameworks @loader_path/Frameworks";
				PRODUCT_BUNDLE_IDENTIFIER = com.TimeSlice.TimeSliceUITests;
				PRODUCT_NAME = "$(TARGET_NAME)";
				TARGETED_DEVICE_FAMILY = "1,2";
				TEST_TARGET_NAME = TimeSlice;
			};
			name = Debug;
		};
		01F96654206B6D8D006CA5B4 /* Release */ = {
			isa = XCBuildConfiguration;
			buildSettings = {
				CODE_SIGN_STYLE = Automatic;
				DEVELOPMENT_TEAM = 435QF86886;
				INFOPLIST_FILE = TimeSliceUITests/Info.plist;
				LD_RUNPATH_SEARCH_PATHS = "$(inherited) @executable_path/Frameworks @loader_path/Frameworks";
				PRODUCT_BUNDLE_IDENTIFIER = com.TimeSlice.TimeSliceUITests;
				PRODUCT_NAME = "$(TARGET_NAME)";
				TARGETED_DEVICE_FAMILY = "1,2";
				TEST_TARGET_NAME = TimeSlice;
			};
			name = Release;
		};
/* End XCBuildConfiguration section */

/* Begin XCConfigurationList section */
		01F9661B206B6D8C006CA5B4 /* Build configuration list for PBXProject "TimeSlice" */ = {
			isa = XCConfigurationList;
			buildConfigurations = (
				01F9664A206B6D8D006CA5B4 /* Debug */,
				01F9664B206B6D8D006CA5B4 /* Release */,
			);
			defaultConfigurationIsVisible = 0;
			defaultConfigurationName = Release;
		};
		01F9664C206B6D8D006CA5B4 /* Build configuration list for PBXNativeTarget "TimeSlice" */ = {
			isa = XCConfigurationList;
			buildConfigurations = (
				01F9664D206B6D8D006CA5B4 /* Debug */,
				01F9664E206B6D8D006CA5B4 /* Release */,
			);
			defaultConfigurationIsVisible = 0;
			defaultConfigurationName = Release;
		};
		01F9664F206B6D8D006CA5B4 /* Build configuration list for PBXNativeTarget "TimeSliceTests" */ = {
			isa = XCConfigurationList;
			buildConfigurations = (
				01F96650206B6D8D006CA5B4 /* Debug */,
				01F96651206B6D8D006CA5B4 /* Release */,
			);
			defaultConfigurationIsVisible = 0;
			defaultConfigurationName = Release;
		};
		01F96652206B6D8D006CA5B4 /* Build configuration list for PBXNativeTarget "TimeSliceUITests" */ = {
			isa = XCConfigurationList;
			buildConfigurations = (
				01F96653206B6D8D006CA5B4 /* Debug */,
				01F96654206B6D8D006CA5B4 /* Release */,
			);
			defaultConfigurationIsVisible = 0;
			defaultConfigurationName = Release;
		};
/* End XCConfigurationList section */
	};
	rootObject = 01F96618206B6D8C006CA5B4 /* Project object */;
}
